
Microsoft Visual Studio Solution File, Format Version 12.00
# Visual Studio Version 16
VisualStudioVersion = 16.0.30011.22
MinimumVisualStudioVersion = 10.0.40219.1
Project("{FAE04EC0-301F-11D3-BF4B-00C04F79EFBC}") = "S1_Lab1_2", "S1_Lab1_2.csproj", "{72CB5060-926C-4EE1-B0AE-72673FB745A0}"
EndProject
Global
	GlobalSection(SolutionConfigurationPlatforms) = preSolution
		Debug|Any CPU = Debug|Any CPU
		Release|Any CPU = Release|Any CPU
	EndGlobalSection
	GlobalSection(ProjectConfigurationPlatforms) = postSolution
		{72CB5060-926C-4EE1-B0AE-72673FB745A0}.Debug|Any CPU.ActiveCfg = Debug|Any CPU
		{72CB5060-926C-4EE1-B0AE-72673FB745A0}.Debug|Any CPU.Build.0 = Debug|Any CPU
		{72CB5060-926C-4EE1-B0AE-72673FB745A0}.Release|Any CPU.ActiveCfg = Release|Any CPU
		{72CB5060-926C-4EE1-B0AE-72673FB745A0}.Release|Any CPU.Build.0 = Release|Any CPU
	EndGlobalSection
	GlobalSection(SolutionProperties) = preSolution
		HideSolutionNode = FALSE
	EndGlobalSection
	GlobalSection(ExtensibilityGlobals) = postSolution
		SolutionGuid = {3D68DBEA-71CD-47A0-9F9E-B20225CA9E79}
	EndGlobalSection
EndGlobal
