
Microsoft Visual Studio Solution File, Format Version 12.00
# Visual Studio Version 16
VisualStudioVersion = 16.0.30011.22
MinimumVisualStudioVersion = 10.0.40219.1
Project("{FAE04EC0-301F-11D3-BF4B-00C04F79EFBC}") = "S2_Lab1_1", "S2_Lab1_1.csproj", "{607A5A73-317B-48E9-BB2D-2860A8B36DDD}"
EndProject
Global
	GlobalSection(SolutionConfigurationPlatforms) = preSolution
		Debug|Any CPU = Debug|Any CPU
		Release|Any CPU = Release|Any CPU
	EndGlobalSection
	GlobalSection(ProjectConfigurationPlatforms) = postSolution
		{607A5A73-317B-48E9-BB2D-2860A8B36DDD}.Debug|Any CPU.ActiveCfg = Debug|Any CPU
		{607A5A73-317B-48E9-BB2D-2860A8B36DDD}.Debug|Any CPU.Build.0 = Debug|Any CPU
		{607A5A73-317B-48E9-BB2D-2860A8B36DDD}.Release|Any CPU.ActiveCfg = Release|Any CPU
		{607A5A73-317B-48E9-BB2D-2860A8B36DDD}.Release|Any CPU.Build.0 = Release|Any CPU
	EndGlobalSection
	GlobalSection(SolutionProperties) = preSolution
		HideSolutionNode = FALSE
	EndGlobalSection
	GlobalSection(ExtensibilityGlobals) = postSolution
		SolutionGuid = {E76A0EF0-EAED-414E-BC38-1C90C086D9E2}
	EndGlobalSection
EndGlobal
